
Microsoft Visual Studio Solution File, Format Version 12.00
# Visual Studio Version 17
VisualStudioVersion = 17.13.35919.96
MinimumVisualStudioVersion = 10.0.40219.1
Project("{FAE04EC0-301F-11D3-BF4B-00C04F79EFBC}") = "WinTransform", "WinTransform\WinTransform.csproj", "{5C6D9C6D-7A1B-F701-9D5B-4EE795D7E226}"
EndProject
Project("{FAE04EC0-301F-11D3-BF4B-00C04F79EFBC}") = "Helpers", "Helpers\Helpers.csproj", "{57B68BDB-4AD1-72E6-BF38-FF4B9A787EA2}"
EndProject
Project("{2150E333-8FDC-42A3-9474-1A3956D46DE8}") = "Common", "Common", "{02EA681E-C7D8-13C7-8484-4AC65E1B71E8}"
	ProjectSection(SolutionItems) = preProject
		.editorconfig = .editorconfig
		.gitignore = .gitignore
		LICENSE = LICENSE
		Directory.Build.props = Directory.Build.props
	EndProjectSection
EndProject
Global
	GlobalSection(SolutionConfigurationPlatforms) = preSolution
		Debug|Any CPU = Debug|Any CPU
		Release|Any CPU = Release|Any CPU
	EndGlobalSection
	GlobalSection(ProjectConfigurationPlatforms) = postSolution
		{5C6D9C6D-7A1B-F701-9D5B-4EE795D7E226}.Debug|Any CPU.ActiveCfg = Debug|Any CPU
		{5C6D9C6D-7A1B-F701-9D5B-4EE795D7E226}.Debug|Any CPU.Build.0 = Debug|Any CPU
		{5C6D9C6D-7A1B-F701-9D5B-4EE795D7E226}.Release|Any CPU.ActiveCfg = Release|Any CPU
		{5C6D9C6D-7A1B-F701-9D5B-4EE795D7E226}.Release|Any CPU.Build.0 = Release|Any CPU
		{57B68BDB-4AD1-72E6-BF38-FF4B9A787EA2}.Debug|Any CPU.ActiveCfg = Debug|Any CPU
		{57B68BDB-4AD1-72E6-BF38-FF4B9A787EA2}.Debug|Any CPU.Build.0 = Debug|Any CPU
		{57B68BDB-4AD1-72E6-BF38-FF4B9A787EA2}.Release|Any CPU.ActiveCfg = Release|Any CPU
		{57B68BDB-4AD1-72E6-BF38-FF4B9A787EA2}.Release|Any CPU.Build.0 = Release|Any CPU
	EndGlobalSection
	GlobalSection(SolutionProperties) = preSolution
		HideSolutionNode = FALSE
	EndGlobalSection
	GlobalSection(ExtensibilityGlobals) = postSolution
		SolutionGuid = {5CC7F1ED-A2F3-461A-9354-32CF155D7AFD}
	EndGlobalSection
EndGlobal
