
Microsoft Visual Studio Solution File, Format Version 12.00
# Visual Studio Version 17
VisualStudioVersion = 17.13.35919.96 d17.13
MinimumVisualStudioVersion = 10.0.40219.1
Project("{FAE04EC0-301F-11D3-BF4B-00C04F79EFBC}") = "WinTransform", "WinTransform.csproj", "{5C6D9C6D-7A1B-F701-9D5B-4EE795D7E226}"
EndProject
Global
	GlobalSection(SolutionConfigurationPlatforms) = preSolution
		Debug|Any CPU = Debug|Any CPU
		Release|Any CPU = Release|Any CPU
	EndGlobalSection
	GlobalSection(ProjectConfigurationPlatforms) = postSolution
		{5C6D9C6D-7A1B-F701-9D5B-4EE795D7E226}.Debug|Any CPU.ActiveCfg = Debug|Any CPU
		{5C6D9C6D-7A1B-F701-9D5B-4EE795D7E226}.Debug|Any CPU.Build.0 = Debug|Any CPU
		{5C6D9C6D-7A1B-F701-9D5B-4EE795D7E226}.Release|Any CPU.ActiveCfg = Release|Any CPU
		{5C6D9C6D-7A1B-F701-9D5B-4EE795D7E226}.Release|Any CPU.Build.0 = Release|Any CPU
	EndGlobalSection
	GlobalSection(SolutionProperties) = preSolution
		HideSolutionNode = FALSE
	EndGlobalSection
	GlobalSection(ExtensibilityGlobals) = postSolution
		SolutionGuid = {2484363C-24E1-4A18-BEDE-B198324D2EE3}
	EndGlobalSection
EndGlobal
